<?xml version="1.0" encoding="utf-8"?>
<Project ToolsVersion="4.0" xmlns="http://schemas.microsoft.com/developer/msbuild/2003">
  <ItemGroup>
    <Filter Include="源文件">
      <UniqueIdentifier>{4FC737F1-C7A5-4376-A066-2A32D752A2FF}</UniqueIdentifier>
      <Extensions>cpp;c;cc;cxx;def;odl;idl;hpj;bat;asm;asmx</Extensions>
    </Filter>
    <Filter Include="头文件">
      <UniqueIdentifier>{93995380-89BD-4b04-88EB-625FBE52EBFB}</UniqueIdentifier>
      <Extensions>h;hh;hpp;hxx;hm;inl;inc;xsd</Extensions>
    </Filter>
  </ItemGroup>
  <ItemGroup>
    <ClCompile Include="..\..\jemalloc\src\arena.c">
      <Filter>源文件</Filter>
    </ClCompile>
    <ClCompile Include="..\..\jemalloc\src\base.c">
      <Filter>源文件</Filter>
    </ClCompile>
    <ClCompile Include="..\..\jemalloc\src\bitmap.c">
      <Filter>源文件</Filter>
    </ClCompile>
    <ClCompile Include="..\..\jemalloc\src\ckh.c">
      <Filter>源文件</Filter>
    </ClCompile>
    <ClCompile Include="..\..\jemalloc\src\ctl.c">
      <Filter>源文件</Filter>
    </ClCompile>
    <ClCompile Include="..\..\jemalloc\src\extent.c">
      <Filter>源文件</Filter>
    </ClCompile>
    <ClCompile Include="..\..\jemalloc\src\extent_dss.c">
      <Filter>源文件</Filter>
    </ClCompile>
    <ClCompile Include="..\..\jemalloc\src\extent_mmap.c">
      <Filter>源文件</Filter>
    </ClCompile>
    <ClCompile Include="..\..\jemalloc\src\hash.c">
      <Filter>源文件</Filter>
    </ClCompile>
    <ClCompile Include="..\..\jemalloc\src\hooks.c">
      <Filter>源文件</Filter>
    </ClCompile>
    <ClCompile Include="..\..\jemalloc\src\jemalloc.c">
      <Filter>源文件</Filter>
    </ClCompile>
    <ClCompile Include="..\..\jemalloc\src\large.c">
      <Filter>源文件</Filter>
    </ClCompile>
    <ClCompile Include="..\..\jemalloc\src\malloc_io.c">
      <Filter>源文件</Filter>
    </ClCompile>
    <ClCompile Include="..\..\jemalloc\src\mutex.c">
      <Filter>源文件</Filter>
    </ClCompile>
    <ClCompile Include="..\..\jemalloc\src\nstime.c">
      <Filter>源文件</Filter>
    </ClCompile>
    <ClCompile Include="..\..\jemalloc\src\pages.c">
      <Filter>源文件</Filter>
    </ClCompile>
    <ClCompile Include="..\..\jemalloc\src\prng.c">
      <Filter>源文件</Filter>
    </ClCompile>
    <ClCompile Include="..\..\jemalloc\src\prof.c">
      <Filter>源文件</Filter>
    </ClCompile>
    <ClCompile Include="..\..\jemalloc\src\rtree.c">
      <Filter>源文件</Filter>
    </ClCompile>
    <ClCompile Include="..\..\jemalloc\src\spin.c">
      <Filter>源文件</Filter>
    </ClCompile>
    <ClCompile Include="..\..\jemalloc\src\stats.c">
      <Filter>源文件</Filter>
    </ClCompile>
    <ClCompile Include="..\..\jemalloc\src\tcache.c">
      <Filter>源文件</Filter>
    </ClCompile>
    <ClCompile Include="..\..\jemalloc\src\ticker.c">
      <Filter>源文件</Filter>
    </ClCompile>
    <ClCompile Include="..\..\jemalloc\src\tsd.c">
      <Filter>源文件</Filter>
    </ClCompile>
    <ClCompile Include="..\..\jemalloc\src\witness.c">
      <Filter>源文件</Filter>
    </ClCompile>
  </ItemGroup>
  <ItemGroup>
    <ClInclude Include="..\..\jemalloc\include\jemalloc\internal\arena_externs.h">
      <Filter>头文件</Filter>
    </ClInclude>
    <ClInclude Include="..\..\jemalloc\include\jemalloc\internal\arena_inlines_a.h">
      <Filter>头文件</Filter>
    </ClInclude>
    <ClInclude Include="..\..\jemalloc\include\jemalloc\internal\arena_inlines_b.h">
      <Filter>头文件</Filter>
    </ClInclude>
    <ClInclude Include="..\..\jemalloc\include\jemalloc\internal\arena_structs_a.h">
      <Filter>头文件</Filter>
    </ClInclude>
    <ClInclude Include="..\..\jemalloc\include\jemalloc\internal\arena_structs_b.h">
      <Filter>头文件</Filter>
    </ClInclude>
    <ClInclude Include="..\..\jemalloc\include\jemalloc\internal\arena_types.h">
      <Filter>头文件</Filter>
    </ClInclude>
    <ClInclude Include="..\..\jemalloc\include\jemalloc\internal\assert.h">
      <Filter>头文件</Filter>
    </ClInclude>
    <ClInclude Include="..\..\jemalloc\include\jemalloc\internal\atomic.h">
      <Filter>头文件</Filter>
    </ClInclude>
    <ClInclude Include="..\..\jemalloc\include\jemalloc\internal\atomic_c11.h">
      <Filter>头文件</Filter>
    </ClInclude>
    <ClInclude Include="..\..\jemalloc\include\jemalloc\internal\atomic_gcc_atomic.h">
      <Filter>头文件</Filter>
    </ClInclude>
    <ClInclude Include="..\..\jemalloc\include\jemalloc\internal\atomic_gcc_sync.h">
      <Filter>头文件</Filter>
    </ClInclude>
    <ClInclude Include="..\..\jemalloc\include\jemalloc\internal\atomic_msvc.h">
      <Filter>头文件</Filter>
    </ClInclude>
    <ClInclude Include="..\..\jemalloc\include\jemalloc\internal\base_externs.h">
      <Filter>头文件</Filter>
    </ClInclude>
    <ClInclude Include="..\..\jemalloc\include\jemalloc\internal\base_inlines.h">
      <Filter>头文件</Filter>
    </ClInclude>
    <ClInclude Include="..\..\jemalloc\include\jemalloc\internal\base_structs.h">
      <Filter>头文件</Filter>
    </ClInclude>
    <ClInclude Include="..\..\jemalloc\include\jemalloc\internal\base_types.h">
      <Filter>头文件</Filter>
    </ClInclude>
    <ClInclude Include="..\..\jemalloc\include\jemalloc\internal\bit_util.h">
      <Filter>头文件</Filter>
    </ClInclude>
    <ClInclude Include="..\..\jemalloc\include\jemalloc\internal\bitmap.h">
      <Filter>头文件</Filter>
    </ClInclude>
    <ClInclude Include="..\..\jemalloc\include\jemalloc\internal\ckh.h">
      <Filter>头文件</Filter>
    </ClInclude>
    <ClInclude Include="..\..\jemalloc\include\jemalloc\internal\ctl.h">
      <Filter>头文件</Filter>
    </ClInclude>
    <ClInclude Include="..\..\jemalloc\include\jemalloc\internal\extent_dss_externs.h">
      <Filter>头文件</Filter>
    </ClInclude>
    <ClInclude Include="..\..\jemalloc\include\jemalloc\internal\extent_dss_structs.h">
      <Filter>头文件</Filter>
    </ClInclude>
    <ClInclude Include="..\..\jemalloc\include\jemalloc\internal\extent_dss_types.h">
      <Filter>头文件</Filter>
    </ClInclude>
    <ClInclude Include="..\..\jemalloc\include\jemalloc\internal\extent_externs.h">
      <Filter>头文件</Filter>
    </ClInclude>
    <ClInclude Include="..\..\jemalloc\include\jemalloc\internal\extent_inlines.h">
      <Filter>头文件</Filter>
    </ClInclude>
    <ClInclude Include="..\..\jemalloc\include\jemalloc\internal\extent_mmap_externs.h">
      <Filter>头文件</Filter>
    </ClInclude>
    <ClInclude Include="..\..\jemalloc\include\jemalloc\internal\extent_structs.h">
      <Filter>头文件</Filter>
    </ClInclude>
    <ClInclude Include="..\..\jemalloc\include\jemalloc\internal\extent_types.h">
      <Filter>头文件</Filter>
    </ClInclude>
    <ClInclude Include="..\..\jemalloc\include\jemalloc\internal\hash.h">
      <Filter>头文件</Filter>
    </ClInclude>
    <ClInclude Include="..\..\jemalloc\include\jemalloc\internal\hooks.h">
      <Filter>头文件</Filter>
    </ClInclude>
    <ClInclude Include="..\..\jemalloc\include\jemalloc\internal\jemalloc_internal_decls.h">
      <Filter>头文件</Filter>
    </ClInclude>
    <ClInclude Include="..\..\jemalloc\include\jemalloc\internal\jemalloc_internal_externs.h">
      <Filter>头文件</Filter>
    </ClInclude>
    <ClInclude Include="..\..\jemalloc\include\jemalloc\internal\jemalloc_internal_includes.h">
      <Filter>头文件</Filter>
    </ClInclude>
    <ClInclude Include="..\..\jemalloc\include\jemalloc\internal\jemalloc_internal_inlines_a.h">
      <Filter>头文件</Filter>
    </ClInclude>
    <ClInclude Include="..\..\jemalloc\include\jemalloc\internal\jemalloc_internal_inlines_b.h">
      <Filter>头文件</Filter>
    </ClInclude>
    <ClInclude Include="..\..\jemalloc\include\jemalloc\internal\jemalloc_internal_inlines_c.h">
      <Filter>头文件</Filter>
    </ClInclude>
    <ClInclude Include="..\..\jemalloc\include\jemalloc\internal\jemalloc_internal_macros.h">
      <Filter>头文件</Filter>
    </ClInclude>
    <ClInclude Include="..\..\jemalloc\include\jemalloc\internal\jemalloc_internal_types.h">
      <Filter>头文件</Filter>
    </ClInclude>
    <ClInclude Include="..\..\jemalloc\include\jemalloc\internal\large_externs.h">
      <Filter>头文件</Filter>
    </ClInclude>
    <ClInclude Include="..\..\jemalloc\include\jemalloc\internal\malloc_io.h">
      <Filter>头文件</Filter>
    </ClInclude>
    <ClInclude Include="..\..\jemalloc\include\jemalloc\internal\mutex_externs.h">
      <Filter>头文件</Filter>
    </ClInclude>
    <ClInclude Include="..\..\jemalloc\include\jemalloc\internal\mutex_inlines.h">
      <Filter>头文件</Filter>
    </ClInclude>
    <ClInclude Include="..\..\jemalloc\include\jemalloc\internal\mutex_prof.h">
      <Filter>头文件</Filter>
    </ClInclude>
    <ClInclude Include="..\..\jemalloc\include\jemalloc\internal\mutex_structs.h">
      <Filter>头文件</Filter>
    </ClInclude>
    <ClInclude Include="..\..\jemalloc\include\jemalloc\internal\mutex_types.h">
      <Filter>头文件</Filter>
    </ClInclude>
    <ClInclude Include="..\..\jemalloc\include\jemalloc\internal\nstime.h">
      <Filter>头文件</Filter>
    </ClInclude>
    <ClInclude Include="..\..\jemalloc\include\jemalloc\internal\pages.h">
      <Filter>头文件</Filter>
    </ClInclude>
    <ClInclude Include="..\..\jemalloc\include\jemalloc\internal\ph.h">
      <Filter>头文件</Filter>
    </ClInclude>
    <ClInclude Include="..\..\jemalloc\include\jemalloc\internal\prng.h">
      <Filter>头文件</Filter>
    </ClInclude>
    <ClInclude Include="..\..\jemalloc\include\jemalloc\internal\prof_externs.h">
      <Filter>头文件</Filter>
    </ClInclude>
    <ClInclude Include="..\..\jemalloc\include\jemalloc\internal\prof_inlines_a.h">
      <Filter>头文件</Filter>
    </ClInclude>
    <ClInclude Include="..\..\jemalloc\include\jemalloc\internal\prof_inlines_b.h">
      <Filter>头文件</Filter>
    </ClInclude>
    <ClInclude Include="..\..\jemalloc\include\jemalloc\internal\prof_structs.h">
      <Filter>头文件</Filter>
    </ClInclude>
    <ClInclude Include="..\..\jemalloc\include\jemalloc\internal\prof_types.h">
      <Filter>头文件</Filter>
    </ClInclude>
    <ClInclude Include="..\..\jemalloc\include\jemalloc\internal\ql.h">
      <Filter>头文件</Filter>
    </ClInclude>
    <ClInclude Include="..\..\jemalloc\include\jemalloc\internal\qr.h">
      <Filter>头文件</Filter>
    </ClInclude>
    <ClInclude Include="..\..\jemalloc\include\jemalloc\internal\rb.h">
      <Filter>头文件</Filter>
    </ClInclude>
    <ClInclude Include="..\..\jemalloc\include\jemalloc\internal\rtree_ctx.h">
      <Filter>头文件</Filter>
    </ClInclude>
    <ClInclude Include="..\..\jemalloc\include\jemalloc\internal\rtree_externs.h">
      <Filter>头文件</Filter>
    </ClInclude>
    <ClInclude Include="..\..\jemalloc\include\jemalloc\internal\rtree_inlines.h">
      <Filter>头文件</Filter>
    </ClInclude>
    <ClInclude Include="..\..\jemalloc\include\jemalloc\internal\rtree_structs.h">
      <Filter>头文件</Filter>
    </ClInclude>
    <ClInclude Include="..\..\jemalloc\include\jemalloc\internal\rtree_types.h">
      <Filter>头文件</Filter>
    </ClInclude>
    <ClInclude Include="..\..\jemalloc\include\jemalloc\internal\rtree_witness.h">
      <Filter>头文件</Filter>
    </ClInclude>
    <ClInclude Include="..\..\jemalloc\include\jemalloc\internal\smoothstep.h">
      <Filter>头文件</Filter>
    </ClInclude>
    <ClInclude Include="..\..\jemalloc\include\jemalloc\internal\spin.h">
      <Filter>头文件</Filter>
    </ClInclude>
    <ClInclude Include="..\..\jemalloc\include\jemalloc\internal\stats.h">
      <Filter>头文件</Filter>
    </ClInclude>
    <ClInclude Include="..\..\jemalloc\include\jemalloc\internal\tcache_externs.h">
      <Filter>头文件</Filter>
    </ClInclude>
    <ClInclude Include="..\..\jemalloc\include\jemalloc\internal\tcache_inlines.h">
      <Filter>头文件</Filter>
    </ClInclude>
    <ClInclude Include="..\..\jemalloc\include\jemalloc\internal\tcache_structs.h">
      <Filter>头文件</Filter>
    </ClInclude>
    <ClInclude Include="..\..\jemalloc\include\jemalloc\internal\tcache_types.h">
      <Filter>头文件</Filter>
    </ClInclude>
    <ClInclude Include="..\..\jemalloc\include\jemalloc\internal\ticker.h">
      <Filter>头文件</Filter>
    </ClInclude>
    <ClInclude Include="..\..\jemalloc\include\jemalloc\internal\tsd.h">
      <Filter>头文件</Filter>
    </ClInclude>
    <ClInclude Include="..\..\jemalloc\include\jemalloc\internal\tsd_generic.h">
      <Filter>头文件</Filter>
    </ClInclude>
    <ClInclude Include="..\..\jemalloc\include\jemalloc\internal\tsd_malloc_thread_cleanup.h">
      <Filter>头文件</Filter>
    </ClInclude>
    <ClInclude Include="..\..\jemalloc\include\jemalloc\internal\tsd_tls.h">
      <Filter>头文件</Filter>
    </ClInclude>
    <ClInclude Include="..\..\jemalloc\include\jemalloc\internal\tsd_types.h">
      <Filter>头文件</Filter>
    </ClInclude>
    <ClInclude Include="..\..\jemalloc\include\jemalloc\internal\tsd_win.h">
      <Filter>头文件</Filter>
    </ClInclude>
    <ClInclude Include="..\..\jemalloc\include\jemalloc\internal\util.h">
      <Filter>头文件</Filter>
    </ClInclude>
    <ClInclude Include="..\..\jemalloc\include\jemalloc\internal\witness_externs.h">
      <Filter>头文件</Filter>
    </ClInclude>
    <ClInclude Include="..\..\jemalloc\include\jemalloc\internal\witness_inlines.h">
      <Filter>头文件</Filter>
    </ClInclude>
    <ClInclude Include="..\..\jemalloc\include\jemalloc\internal\witness_structs.h">
      <Filter>头文件</Filter>
    </ClInclude>
    <ClInclude Include="..\..\jemalloc\include\jemalloc\internal\witness_types.h">
      <Filter>头文件</Filter>
    </ClInclude>
  </ItemGroup>
</Project>